
Microsoft Visual Studio Solution File, Format Version 12.00
# Visual Studio 2013
VisualStudioVersion = 12.0.30723.0
MinimumVisualStudioVersion = 10.0.40219.1
Project("{FAE04EC0-301F-11D3-BF4B-00C04F79EFBC}") = "Rankalicious", "Rankalicious\Rankalicious.csproj", "{71B86D54-82F6-4351-B4C6-1F6EA94BEB19}"
EndProject
Project("{FAE04EC0-301F-11D3-BF4B-00C04F79EFBC}") = "Rankalicious.Tests", "Rankalicious.Tests\Rankalicious.Tests.csproj", "{A64D2FD2-E383-49DD-8560-40546DFC83EE}"
EndProject
Global
	GlobalSection(SolutionConfigurationPlatforms) = preSolution
		Debug|Any CPU = Debug|Any CPU
		Release|Any CPU = Release|Any CPU
	EndGlobalSection
	GlobalSection(ProjectConfigurationPlatforms) = postSolution
		{71B86D54-82F6-4351-B4C6-1F6EA94BEB19}.Debug|Any CPU.ActiveCfg = Debug|Any CPU
		{71B86D54-82F6-4351-B4C6-1F6EA94BEB19}.Debug|Any CPU.Build.0 = Debug|Any CPU
		{71B86D54-82F6-4351-B4C6-1F6EA94BEB19}.Release|Any CPU.ActiveCfg = Release|Any CPU
		{71B86D54-82F6-4351-B4C6-1F6EA94BEB19}.Release|Any CPU.Build.0 = Release|Any CPU
		{A64D2FD2-E383-49DD-8560-40546DFC83EE}.Debug|Any CPU.ActiveCfg = Debug|Any CPU
		{A64D2FD2-E383-49DD-8560-40546DFC83EE}.Debug|Any CPU.Build.0 = Debug|Any CPU
		{A64D2FD2-E383-49DD-8560-40546DFC83EE}.Release|Any CPU.ActiveCfg = Release|Any CPU
		{A64D2FD2-E383-49DD-8560-40546DFC83EE}.Release|Any CPU.Build.0 = Release|Any CPU
	EndGlobalSection
	GlobalSection(SolutionProperties) = preSolution
		HideSolutionNode = FALSE
	EndGlobalSection
EndGlobal
